
Microsoft Visual Studio Solution File, Format Version 12.00
# Visual Studio Version 16
VisualStudioVersion = 16.0.28803.202
MinimumVisualStudioVersion = 10.0.40219.1
Project("{8BC9CEB8-8B4A-11D0-8D11-00A0C91BC942}") = "TestWindow", "GLTest2020.vcxproj", "{590E2EBF-DDE2-4B8A-99CB-AD4EF21EC378}"
EndProject
Project("{8BC9CEB8-8B4A-11D0-8D11-00A0C91BC942}") = "ConsoleApplication1", "ConsoleApplication1\ConsoleApplication1.vcxproj", "{E93DA27B-F9AA-4DD3-A354-224888FE5323}"
EndProject
Project("{8BC9CEB8-8B4A-11D0-8D11-00A0C91BC942}") = "Socket01", "Socket01\Socket01.vcxproj", "{B684E1B9-69E2-4FA9-BCDA-06587FC4FE1C}"
EndProject
Project("{8BC9CEB8-8B4A-11D0-8D11-00A0C91BC942}") = "SockectCliente01", "SockectCliente01\SockectCliente01.vcxproj", "{4145E9E0-80C9-4B27-BA4D-2CBFE26FF0D7}"
EndProject
Project("{8BC9CEB8-8B4A-11D0-8D11-00A0C91BC942}") = "SocketCliente2", "SocketCliente2\SocketCliente2.vcxproj", "{8193A740-716B-4562-BCA5-8AAB08896602}"
EndProject
Project("{8BC9CEB8-8B4A-11D0-8D11-00A0C91BC942}") = "SocketServer2", "SocketServer2\SocketServer2.vcxproj", "{38D93EA8-EFC6-416E-93B3-173F6B80E8AA}"
EndProject
Project("{8BC9CEB8-8B4A-11D0-8D11-00A0C91BC942}") = "WinConsole", "WinConsole\WinConsole.vcxproj", "{CBDABFE1-A4D6-42D3-BF47-7096FBC87397}"
EndProject
Global
	GlobalSection(SolutionConfigurationPlatforms) = preSolution
		Debug|x64 = Debug|x64
		Debug|x86 = Debug|x86
		Release|x64 = Release|x64
		Release|x86 = Release|x86
	EndGlobalSection
	GlobalSection(ProjectConfigurationPlatforms) = postSolution
		{590E2EBF-DDE2-4B8A-99CB-AD4EF21EC378}.Debug|x64.ActiveCfg = Debug|x64
		{590E2EBF-DDE2-4B8A-99CB-AD4EF21EC378}.Debug|x64.Build.0 = Debug|x64
		{590E2EBF-DDE2-4B8A-99CB-AD4EF21EC378}.Debug|x86.ActiveCfg = Debug|Win32
		{590E2EBF-DDE2-4B8A-99CB-AD4EF21EC378}.Debug|x86.Build.0 = Debug|Win32
		{590E2EBF-DDE2-4B8A-99CB-AD4EF21EC378}.Release|x64.ActiveCfg = Release|x64
		{590E2EBF-DDE2-4B8A-99CB-AD4EF21EC378}.Release|x64.Build.0 = Release|x64
		{590E2EBF-DDE2-4B8A-99CB-AD4EF21EC378}.Release|x86.ActiveCfg = Release|Win32
		{590E2EBF-DDE2-4B8A-99CB-AD4EF21EC378}.Release|x86.Build.0 = Release|Win32
		{E93DA27B-F9AA-4DD3-A354-224888FE5323}.Debug|x64.ActiveCfg = Debug|x64
		{E93DA27B-F9AA-4DD3-A354-224888FE5323}.Debug|x64.Build.0 = Debug|x64
		{E93DA27B-F9AA-4DD3-A354-224888FE5323}.Debug|x86.ActiveCfg = Debug|Win32
		{E93DA27B-F9AA-4DD3-A354-224888FE5323}.Debug|x86.Build.0 = Debug|Win32
		{E93DA27B-F9AA-4DD3-A354-224888FE5323}.Release|x64.ActiveCfg = Release|x64
		{E93DA27B-F9AA-4DD3-A354-224888FE5323}.Release|x64.Build.0 = Release|x64
		{E93DA27B-F9AA-4DD3-A354-224888FE5323}.Release|x86.ActiveCfg = Release|Win32
		{E93DA27B-F9AA-4DD3-A354-224888FE5323}.Release|x86.Build.0 = Release|Win32
		{B684E1B9-69E2-4FA9-BCDA-06587FC4FE1C}.Debug|x64.ActiveCfg = Debug|x64
		{B684E1B9-69E2-4FA9-BCDA-06587FC4FE1C}.Debug|x64.Build.0 = Debug|x64
		{B684E1B9-69E2-4FA9-BCDA-06587FC4FE1C}.Debug|x86.ActiveCfg = Debug|Win32
		{B684E1B9-69E2-4FA9-BCDA-06587FC4FE1C}.Debug|x86.Build.0 = Debug|Win32
		{B684E1B9-69E2-4FA9-BCDA-06587FC4FE1C}.Release|x64.ActiveCfg = Release|x64
		{B684E1B9-69E2-4FA9-BCDA-06587FC4FE1C}.Release|x64.Build.0 = Release|x64
		{B684E1B9-69E2-4FA9-BCDA-06587FC4FE1C}.Release|x86.ActiveCfg = Release|Win32
		{B684E1B9-69E2-4FA9-BCDA-06587FC4FE1C}.Release|x86.Build.0 = Release|Win32
		{4145E9E0-80C9-4B27-BA4D-2CBFE26FF0D7}.Debug|x64.ActiveCfg = Debug|x64
		{4145E9E0-80C9-4B27-BA4D-2CBFE26FF0D7}.Debug|x64.Build.0 = Debug|x64
		{4145E9E0-80C9-4B27-BA4D-2CBFE26FF0D7}.Debug|x86.ActiveCfg = Debug|Win32
		{4145E9E0-80C9-4B27-BA4D-2CBFE26FF0D7}.Debug|x86.Build.0 = Debug|Win32
		{4145E9E0-80C9-4B27-BA4D-2CBFE26FF0D7}.Release|x64.ActiveCfg = Release|x64
		{4145E9E0-80C9-4B27-BA4D-2CBFE26FF0D7}.Release|x64.Build.0 = Release|x64
		{4145E9E0-80C9-4B27-BA4D-2CBFE26FF0D7}.Release|x86.ActiveCfg = Release|Win32
		{4145E9E0-80C9-4B27-BA4D-2CBFE26FF0D7}.Release|x86.Build.0 = Release|Win32
		{8193A740-716B-4562-BCA5-8AAB08896602}.Debug|x64.ActiveCfg = Debug|x64
		{8193A740-716B-4562-BCA5-8AAB08896602}.Debug|x64.Build.0 = Debug|x64
		{8193A740-716B-4562-BCA5-8AAB08896602}.Debug|x86.ActiveCfg = Debug|Win32
		{8193A740-716B-4562-BCA5-8AAB08896602}.Debug|x86.Build.0 = Debug|Win32
		{8193A740-716B-4562-BCA5-8AAB08896602}.Release|x64.ActiveCfg = Release|x64
		{8193A740-716B-4562-BCA5-8AAB08896602}.Release|x64.Build.0 = Release|x64
		{8193A740-716B-4562-BCA5-8AAB08896602}.Release|x86.ActiveCfg = Release|Win32
		{8193A740-716B-4562-BCA5-8AAB08896602}.Release|x86.Build.0 = Release|Win32
		{38D93EA8-EFC6-416E-93B3-173F6B80E8AA}.Debug|x64.ActiveCfg = Debug|x64
		{38D93EA8-EFC6-416E-93B3-173F6B80E8AA}.Debug|x64.Build.0 = Debug|x64
		{38D93EA8-EFC6-416E-93B3-173F6B80E8AA}.Debug|x86.ActiveCfg = Debug|Win32
		{38D93EA8-EFC6-416E-93B3-173F6B80E8AA}.Debug|x86.Build.0 = Debug|Win32
		{38D93EA8-EFC6-416E-93B3-173F6B80E8AA}.Release|x64.ActiveCfg = Release|x64
		{38D93EA8-EFC6-416E-93B3-173F6B80E8AA}.Release|x64.Build.0 = Release|x64
		{38D93EA8-EFC6-416E-93B3-173F6B80E8AA}.Release|x86.ActiveCfg = Release|Win32
		{38D93EA8-EFC6-416E-93B3-173F6B80E8AA}.Release|x86.Build.0 = Release|Win32
		{CBDABFE1-A4D6-42D3-BF47-7096FBC87397}.Debug|x64.ActiveCfg = Debug|x64
		{CBDABFE1-A4D6-42D3-BF47-7096FBC87397}.Debug|x64.Build.0 = Debug|x64
		{CBDABFE1-A4D6-42D3-BF47-7096FBC87397}.Debug|x86.ActiveCfg = Debug|Win32
		{CBDABFE1-A4D6-42D3-BF47-7096FBC87397}.Debug|x86.Build.0 = Debug|Win32
		{CBDABFE1-A4D6-42D3-BF47-7096FBC87397}.Release|x64.ActiveCfg = Release|x64
		{CBDABFE1-A4D6-42D3-BF47-7096FBC87397}.Release|x64.Build.0 = Release|x64
		{CBDABFE1-A4D6-42D3-BF47-7096FBC87397}.Release|x86.ActiveCfg = Release|Win32
		{CBDABFE1-A4D6-42D3-BF47-7096FBC87397}.Release|x86.Build.0 = Release|Win32
	EndGlobalSection
	GlobalSection(SolutionProperties) = preSolution
		HideSolutionNode = FALSE
	EndGlobalSection
	GlobalSection(ExtensibilityGlobals) = postSolution
		SolutionGuid = {07E09BF7-1C79-47EA-9751-C31459983692}
	EndGlobalSection
EndGlobal
